
Microsoft Visual Studio Solution File, Format Version 12.00
# Visual Studio 15
VisualStudioVersion = 15.0.27130.2027
MinimumVisualStudioVersion = 10.0.40219.1
Project("{FAE04EC0-301F-11D3-BF4B-00C04F79EFBC}") = "ambitoRecursos.Android", "ambitoRecursos\ambitoRecursos.Android\ambitoRecursos.Android.csproj", "{928E7AA1-8B52-4B94-B9E0-7559093ABAF1}"
EndProject
Project("{FAE04EC0-301F-11D3-BF4B-00C04F79EFBC}") = "ambitoRecursos.iOS", "ambitoRecursos\ambitoRecursos.iOS\ambitoRecursos.iOS.csproj", "{5AB4F8DD-18BB-4093-9201-36116230D340}"
EndProject
Project("{FAE04EC0-301F-11D3-BF4B-00C04F79EFBC}") = "ambitoRecursos", "ambitoRecursos\ambitoRecursos\ambitoRecursos.csproj", "{C5A1AC7F-E6E2-47AC-B67B-9210601DE00A}"
EndProject
Global
	GlobalSection(SolutionConfigurationPlatforms) = preSolution
		Ad-Hoc|Any CPU = Ad-Hoc|Any CPU
		Ad-Hoc|iPhone = Ad-Hoc|iPhone
		Ad-Hoc|iPhoneSimulator = Ad-Hoc|iPhoneSimulator
		AppStore|Any CPU = AppStore|Any CPU
		AppStore|iPhone = AppStore|iPhone
		AppStore|iPhoneSimulator = AppStore|iPhoneSimulator
		Debug|Any CPU = Debug|Any CPU
		Debug|iPhone = Debug|iPhone
		Debug|iPhoneSimulator = Debug|iPhoneSimulator
		Release|Any CPU = Release|Any CPU
		Release|iPhone = Release|iPhone
		Release|iPhoneSimulator = Release|iPhoneSimulator
	EndGlobalSection
	GlobalSection(ProjectConfigurationPlatforms) = postSolution
		{928E7AA1-8B52-4B94-B9E0-7559093ABAF1}.Ad-Hoc|Any CPU.ActiveCfg = Release|Any CPU
		{928E7AA1-8B52-4B94-B9E0-7559093ABAF1}.Ad-Hoc|Any CPU.Build.0 = Release|Any CPU
		{928E7AA1-8B52-4B94-B9E0-7559093ABAF1}.Ad-Hoc|Any CPU.Deploy.0 = Release|Any CPU
		{928E7AA1-8B52-4B94-B9E0-7559093ABAF1}.Ad-Hoc|iPhone.ActiveCfg = Release|Any CPU
		{928E7AA1-8B52-4B94-B9E0-7559093ABAF1}.Ad-Hoc|iPhone.Build.0 = Release|Any CPU
		{928E7AA1-8B52-4B94-B9E0-7559093ABAF1}.Ad-Hoc|iPhone.Deploy.0 = Release|Any CPU
		{928E7AA1-8B52-4B94-B9E0-7559093ABAF1}.Ad-Hoc|iPhoneSimulator.ActiveCfg = Release|Any CPU
		{928E7AA1-8B52-4B94-B9E0-7559093ABAF1}.Ad-Hoc|iPhoneSimulator.Build.0 = Release|Any CPU
		{928E7AA1-8B52-4B94-B9E0-7559093ABAF1}.Ad-Hoc|iPhoneSimulator.Deploy.0 = Release|Any CPU
		{928E7AA1-8B52-4B94-B9E0-7559093ABAF1}.AppStore|Any CPU.ActiveCfg = Release|Any CPU
		{928E7AA1-8B52-4B94-B9E0-7559093ABAF1}.AppStore|Any CPU.Build.0 = Release|Any CPU
		{928E7AA1-8B52-4B94-B9E0-7559093ABAF1}.AppStore|Any CPU.Deploy.0 = Release|Any CPU
		{928E7AA1-8B52-4B94-B9E0-7559093ABAF1}.AppStore|iPhone.ActiveCfg = Release|Any CPU
		{928E7AA1-8B52-4B94-B9E0-7559093ABAF1}.AppStore|iPhone.Build.0 = Release|Any CPU
		{928E7AA1-8B52-4B94-B9E0-7559093ABAF1}.AppStore|iPhone.Deploy.0 = Release|Any CPU
		{928E7AA1-8B52-4B94-B9E0-7559093ABAF1}.AppStore|iPhoneSimulator.ActiveCfg = Release|Any CPU
		{928E7AA1-8B52-4B94-B9E0-7559093ABAF1}.AppStore|iPhoneSimulator.Build.0 = Release|Any CPU
		{928E7AA1-8B52-4B94-B9E0-7559093ABAF1}.AppStore|iPhoneSimulator.Deploy.0 = Release|Any CPU
		{928E7AA1-8B52-4B94-B9E0-7559093ABAF1}.Debug|Any CPU.ActiveCfg = Debug|Any CPU
		{928E7AA1-8B52-4B94-B9E0-7559093ABAF1}.Debug|Any CPU.Build.0 = Debug|Any CPU
		{928E7AA1-8B52-4B94-B9E0-7559093ABAF1}.Debug|Any CPU.Deploy.0 = Debug|Any CPU
		{928E7AA1-8B52-4B94-B9E0-7559093ABAF1}.Debug|iPhone.ActiveCfg = Debug|Any CPU
		{928E7AA1-8B52-4B94-B9E0-7559093ABAF1}.Debug|iPhone.Build.0 = Debug|Any CPU
		{928E7AA1-8B52-4B94-B9E0-7559093ABAF1}.Debug|iPhone.Deploy.0 = Debug|Any CPU
		{928E7AA1-8B52-4B94-B9E0-7559093ABAF1}.Debug|iPhoneSimulator.ActiveCfg = Debug|Any CPU
		{928E7AA1-8B52-4B94-B9E0-7559093ABAF1}.Debug|iPhoneSimulator.Build.0 = Debug|Any CPU
		{928E7AA1-8B52-4B94-B9E0-7559093ABAF1}.Debug|iPhoneSimulator.Deploy.0 = Debug|Any CPU
		{928E7AA1-8B52-4B94-B9E0-7559093ABAF1}.Release|Any CPU.ActiveCfg = Release|Any CPU
		{928E7AA1-8B52-4B94-B9E0-7559093ABAF1}.Release|Any CPU.Build.0 = Release|Any CPU
		{928E7AA1-8B52-4B94-B9E0-7559093ABAF1}.Release|Any CPU.Deploy.0 = Release|Any CPU
		{928E7AA1-8B52-4B94-B9E0-7559093ABAF1}.Release|iPhone.ActiveCfg = Release|Any CPU
		{928E7AA1-8B52-4B94-B9E0-7559093ABAF1}.Release|iPhone.Build.0 = Release|Any CPU
		{928E7AA1-8B52-4B94-B9E0-7559093ABAF1}.Release|iPhone.Deploy.0 = Release|Any CPU
		{928E7AA1-8B52-4B94-B9E0-7559093ABAF1}.Release|iPhoneSimulator.ActiveCfg = Release|Any CPU
		{928E7AA1-8B52-4B94-B9E0-7559093ABAF1}.Release|iPhoneSimulator.Build.0 = Release|Any CPU
		{928E7AA1-8B52-4B94-B9E0-7559093ABAF1}.Release|iPhoneSimulator.Deploy.0 = Release|Any CPU
		{5AB4F8DD-18BB-4093-9201-36116230D340}.Ad-Hoc|Any CPU.ActiveCfg = Ad-Hoc|iPhone
		{5AB4F8DD-18BB-4093-9201-36116230D340}.Ad-Hoc|iPhone.ActiveCfg = Ad-Hoc|iPhone
		{5AB4F8DD-18BB-4093-9201-36116230D340}.Ad-Hoc|iPhone.Build.0 = Ad-Hoc|iPhone
		{5AB4F8DD-18BB-4093-9201-36116230D340}.Ad-Hoc|iPhoneSimulator.ActiveCfg = Ad-Hoc|iPhoneSimulator
		{5AB4F8DD-18BB-4093-9201-36116230D340}.Ad-Hoc|iPhoneSimulator.Build.0 = Ad-Hoc|iPhoneSimulator
		{5AB4F8DD-18BB-4093-9201-36116230D340}.AppStore|Any CPU.ActiveCfg = AppStore|iPhone
		{5AB4F8DD-18BB-4093-9201-36116230D340}.AppStore|iPhone.ActiveCfg = AppStore|iPhone
		{5AB4F8DD-18BB-4093-9201-36116230D340}.AppStore|iPhone.Build.0 = AppStore|iPhone
		{5AB4F8DD-18BB-4093-9201-36116230D340}.AppStore|iPhoneSimulator.ActiveCfg = AppStore|iPhoneSimulator
		{5AB4F8DD-18BB-4093-9201-36116230D340}.AppStore|iPhoneSimulator.Build.0 = AppStore|iPhoneSimulator
		{5AB4F8DD-18BB-4093-9201-36116230D340}.Debug|Any CPU.ActiveCfg = Debug|iPhone
		{5AB4F8DD-18BB-4093-9201-36116230D340}.Debug|iPhone.ActiveCfg = Debug|iPhone
		{5AB4F8DD-18BB-4093-9201-36116230D340}.Debug|iPhone.Build.0 = Debug|iPhone
		{5AB4F8DD-18BB-4093-9201-36116230D340}.Debug|iPhoneSimulator.ActiveCfg = Debug|iPhoneSimulator
		{5AB4F8DD-18BB-4093-9201-36116230D340}.Debug|iPhoneSimulator.Build.0 = Debug|iPhoneSimulator
		{5AB4F8DD-18BB-4093-9201-36116230D340}.Release|Any CPU.ActiveCfg = Release|iPhone
		{5AB4F8DD-18BB-4093-9201-36116230D340}.Release|iPhone.ActiveCfg = Release|iPhone
		{5AB4F8DD-18BB-4093-9201-36116230D340}.Release|iPhone.Build.0 = Release|iPhone
		{5AB4F8DD-18BB-4093-9201-36116230D340}.Release|iPhoneSimulator.ActiveCfg = Release|iPhoneSimulator
		{5AB4F8DD-18BB-4093-9201-36116230D340}.Release|iPhoneSimulator.Build.0 = Release|iPhoneSimulator
		{C5A1AC7F-E6E2-47AC-B67B-9210601DE00A}.Ad-Hoc|Any CPU.ActiveCfg = Debug|Any CPU
		{C5A1AC7F-E6E2-47AC-B67B-9210601DE00A}.Ad-Hoc|Any CPU.Build.0 = Debug|Any CPU
		{C5A1AC7F-E6E2-47AC-B67B-9210601DE00A}.Ad-Hoc|iPhone.ActiveCfg = Debug|Any CPU
		{C5A1AC7F-E6E2-47AC-B67B-9210601DE00A}.Ad-Hoc|iPhone.Build.0 = Debug|Any CPU
		{C5A1AC7F-E6E2-47AC-B67B-9210601DE00A}.Ad-Hoc|iPhoneSimulator.ActiveCfg = Debug|Any CPU
		{C5A1AC7F-E6E2-47AC-B67B-9210601DE00A}.Ad-Hoc|iPhoneSimulator.Build.0 = Debug|Any CPU
		{C5A1AC7F-E6E2-47AC-B67B-9210601DE00A}.AppStore|Any CPU.ActiveCfg = Debug|Any CPU
		{C5A1AC7F-E6E2-47AC-B67B-9210601DE00A}.AppStore|Any CPU.Build.0 = Debug|Any CPU
		{C5A1AC7F-E6E2-47AC-B67B-9210601DE00A}.AppStore|iPhone.ActiveCfg = Debug|Any CPU
		{C5A1AC7F-E6E2-47AC-B67B-9210601DE00A}.AppStore|iPhone.Build.0 = Debug|Any CPU
		{C5A1AC7F-E6E2-47AC-B67B-9210601DE00A}.AppStore|iPhoneSimulator.ActiveCfg = Debug|Any CPU
		{C5A1AC7F-E6E2-47AC-B67B-9210601DE00A}.AppStore|iPhoneSimulator.Build.0 = Debug|Any CPU
		{C5A1AC7F-E6E2-47AC-B67B-9210601DE00A}.Debug|Any CPU.ActiveCfg = Debug|Any CPU
		{C5A1AC7F-E6E2-47AC-B67B-9210601DE00A}.Debug|Any CPU.Build.0 = Debug|Any CPU
		{C5A1AC7F-E6E2-47AC-B67B-9210601DE00A}.Debug|iPhone.ActiveCfg = Debug|Any CPU
		{C5A1AC7F-E6E2-47AC-B67B-9210601DE00A}.Debug|iPhone.Build.0 = Debug|Any CPU
		{C5A1AC7F-E6E2-47AC-B67B-9210601DE00A}.Debug|iPhoneSimulator.ActiveCfg = Debug|Any CPU
		{C5A1AC7F-E6E2-47AC-B67B-9210601DE00A}.Debug|iPhoneSimulator.Build.0 = Debug|Any CPU
		{C5A1AC7F-E6E2-47AC-B67B-9210601DE00A}.Release|Any CPU.ActiveCfg = Release|Any CPU
		{C5A1AC7F-E6E2-47AC-B67B-9210601DE00A}.Release|Any CPU.Build.0 = Release|Any CPU
		{C5A1AC7F-E6E2-47AC-B67B-9210601DE00A}.Release|iPhone.ActiveCfg = Release|Any CPU
		{C5A1AC7F-E6E2-47AC-B67B-9210601DE00A}.Release|iPhone.Build.0 = Release|Any CPU
		{C5A1AC7F-E6E2-47AC-B67B-9210601DE00A}.Release|iPhoneSimulator.ActiveCfg = Release|Any CPU
		{C5A1AC7F-E6E2-47AC-B67B-9210601DE00A}.Release|iPhoneSimulator.Build.0 = Release|Any CPU
	EndGlobalSection
	GlobalSection(SolutionProperties) = preSolution
		HideSolutionNode = FALSE
	EndGlobalSection
	GlobalSection(ExtensibilityGlobals) = postSolution
		SolutionGuid = {DFB68537-250C-4111-A21E-E0E2377BA085}
	EndGlobalSection
EndGlobal
